
Microsoft Visual Studio Solution File, Format Version 12.00
# Visual Studio Version 17
VisualStudioVersion = 17.2.32616.157
MinimumVisualStudioVersion = 10.0.40219.1
Project("{FAE04EC0-301F-11D3-BF4B-00C04F79EFBC}") = "Dice Rolling", "Dice Rolling\Dice Rolling.csproj", "{B01F1F64-885E-49A7-ACCA-E1C574AB693F}"
EndProject
Global
	GlobalSection(SolutionConfigurationPlatforms) = preSolution
		Debug|Any CPU = Debug|Any CPU
		Release|Any CPU = Release|Any CPU
	EndGlobalSection
	GlobalSection(ProjectConfigurationPlatforms) = postSolution
		{B01F1F64-885E-49A7-ACCA-E1C574AB693F}.Debug|Any CPU.ActiveCfg = Debug|Any CPU
		{B01F1F64-885E-49A7-ACCA-E1C574AB693F}.Debug|Any CPU.Build.0 = Debug|Any CPU
		{B01F1F64-885E-49A7-ACCA-E1C574AB693F}.Release|Any CPU.ActiveCfg = Release|Any CPU
		{B01F1F64-885E-49A7-ACCA-E1C574AB693F}.Release|Any CPU.Build.0 = Release|Any CPU
	EndGlobalSection
	GlobalSection(SolutionProperties) = preSolution
		HideSolutionNode = FALSE
	EndGlobalSection
	GlobalSection(ExtensibilityGlobals) = postSolution
		SolutionGuid = {A32FB608-F53B-4738-9E3D-EBDB55B61CEA}
	EndGlobalSection
EndGlobal
